
Microsoft Visual Studio Solution File, Format Version 11.00
# Visual Studio 2010
Project("{FAE04EC0-301F-11D3-BF4B-00C04F79EFBC}") = "TopCoder", "TopCoder\TopCoder.csproj", "{F61BA165-A4E2-46E9-9281-E7AADE18B34E}"
EndProject
Project("{FAE04EC0-301F-11D3-BF4B-00C04F79EFBC}") = "TestProject", "TestProject\TestProject.csproj", "{68C70DA9-B21E-48D9-9F20-4CA2273321AC}"
EndProject
Project("{2150E333-8FDC-42A3-9474-1A3956D46DE8}") = "Solution Items", "Solution Items", "{69C65912-E8F5-473B-B038-58F22911225A}"
	ProjectSection(SolutionItems) = preProject
		Local.testsettings = Local.testsettings
		TopCoder.vsmdi = TopCoder.vsmdi
		TraceAndTestImpact.testsettings = TraceAndTestImpact.testsettings
	EndProjectSection
EndProject
Global
	GlobalSection(TestCaseManagementSettings) = postSolution
		CategoryFile = TopCoder.vsmdi
	EndGlobalSection
	GlobalSection(SolutionConfigurationPlatforms) = preSolution
		Debug|Any CPU = Debug|Any CPU
		Release|Any CPU = Release|Any CPU
	EndGlobalSection
	GlobalSection(ProjectConfigurationPlatforms) = postSolution
		{F61BA165-A4E2-46E9-9281-E7AADE18B34E}.Debug|Any CPU.ActiveCfg = Debug|Any CPU
		{F61BA165-A4E2-46E9-9281-E7AADE18B34E}.Debug|Any CPU.Build.0 = Debug|Any CPU
		{F61BA165-A4E2-46E9-9281-E7AADE18B34E}.Release|Any CPU.ActiveCfg = Release|Any CPU
		{F61BA165-A4E2-46E9-9281-E7AADE18B34E}.Release|Any CPU.Build.0 = Release|Any CPU
		{68C70DA9-B21E-48D9-9F20-4CA2273321AC}.Debug|Any CPU.ActiveCfg = Debug|Any CPU
		{68C70DA9-B21E-48D9-9F20-4CA2273321AC}.Debug|Any CPU.Build.0 = Debug|Any CPU
		{68C70DA9-B21E-48D9-9F20-4CA2273321AC}.Release|Any CPU.ActiveCfg = Release|Any CPU
		{68C70DA9-B21E-48D9-9F20-4CA2273321AC}.Release|Any CPU.Build.0 = Release|Any CPU
	EndGlobalSection
	GlobalSection(SolutionProperties) = preSolution
		HideSolutionNode = FALSE
	EndGlobalSection
EndGlobal
